// !$*UTF8*$!
{
	archiveVersion = 1;
	classes = {
	};
	objectVersion = 56;
	objects = {

/* Begin PBXBuildFile section */
		2CF021F029E1F1220029675E /* GitLabStatusApp.swift in Sources */ = {isa = PBXBuildFile; fileRef = 2CF021EF29E1F1220029675E /* GitLabStatusApp.swift */; };
		2CF021F429E1F1230029675E /* Assets.xcassets in Resources */ = {isa = PBXBuildFile; fileRef = 2CF021F329E1F1230029675E /* Assets.xcassets */; };
		2CF021F729E1F1230029675E /* Preview Assets.xcassets in Resources */ = {isa = PBXBuildFile; fileRef = 2CF021F629E1F1230029675E /* Preview Assets.xcassets */; };
		2CF0220229E1F1230029675E /* GitLabStatusMenuBarItemTests.swift in Sources */ = {isa = PBXBuildFile; fileRef = 2CF0220129E1F1230029675E /* GitLabStatusMenuBarItemTests.swift */; };
		2CF0220C29E1F1230029675E /* GitLabStatusMenuBarItemUITests.swift in Sources */ = {isa = PBXBuildFile; fileRef = 2CF0220B29E1F1230029675E /* GitLabStatusMenuBarItemUITests.swift */; };
		2CF0220E29E1F1230029675E /* GitLabStatusMenuBarItemUITestsLaunchTests.swift in Sources */ = {isa = PBXBuildFile; fileRef = 2CF0220D29E1F1230029675E /* GitLabStatusMenuBarItemUITestsLaunchTests.swift */; };
		2CF0222229E1F2A30029675E /* ProjectsView.swift in Sources */ = {isa = PBXBuildFile; fileRef = 2CF0222129E1F2A30029675E /* ProjectsView.swift */; };
		2CF0222529E1F35F0029675E /* ProjectQuery.swift in Sources */ = {isa = PBXBuildFile; fileRef = 2CF0222329E1F3220029675E /* ProjectQuery.swift */; };
		2CF0222829E1F5DC0029675E /* Model.swift in Sources */ = {isa = PBXBuildFile; fileRef = 2CF0222729E1F5DC0029675E /* Model.swift */; };
		2CF0223329E2032D0029675E /* Secrets.swift in Sources */ = {isa = PBXBuildFile; fileRef = 2CF0223229E2032D0029675E /* Secrets.swift */; };
		2CF0223529E210210029675E /* ProjectStore.swift in Sources */ = {isa = PBXBuildFile; fileRef = 2CF0223429E210210029675E /* ProjectStore.swift */; };
		2CF0223929E212F50029675E /* MergeRequestRow.swift in Sources */ = {isa = PBXBuildFile; fileRef = 2CF0223829E212F50029675E /* MergeRequestRow.swift */; };
		2CF0223B29E2130F0029675E /* ProjectItemList.swift in Sources */ = {isa = PBXBuildFile; fileRef = 2CF0223A29E2130F0029675E /* ProjectItemList.swift */; };
		2CF0223D29E213240029675E /* PipelineRow.swift in Sources */ = {isa = PBXBuildFile; fileRef = 2CF0223C29E213240029675E /* PipelineRow.swift */; };
		2CF0223F29E213B10029675E /* ProjectStore+Example.swift in Sources */ = {isa = PBXBuildFile; fileRef = 2CF0223E29E213B10029675E /* ProjectStore+Example.swift */; };
		2CF0224129E21E850029675E /* PipelineStatusView.swift in Sources */ = {isa = PBXBuildFile; fileRef = 2CF0224029E21E850029675E /* PipelineStatusView.swift */; };
		2CF0224529E2492F0029675E /* ProjectsToolbar.swift in Sources */ = {isa = PBXBuildFile; fileRef = 2CF0224429E2492F0029675E /* ProjectsToolbar.swift */; };
		2CF0224729E2495C0029675E /* TokenSheet.swift in Sources */ = {isa = PBXBuildFile; fileRef = 2CF0224629E2495C0029675E /* TokenSheet.swift */; };
		2CF0224929E24AEB0029675E /* UserDefaults+GitLabToken.swift in Sources */ = {isa = PBXBuildFile; fileRef = 2CF0224829E24AEB0029675E /* UserDefaults+GitLabToken.swift */; };
		2CF0224D29E25A530029675E /* SubscriptionsSheet.swift in Sources */ = {isa = PBXBuildFile; fileRef = 2CF0224C29E25A530029675E /* SubscriptionsSheet.swift */; };
		2CF0224F29E262FF0029675E /* UserDefaults+Subscriptions.swift in Sources */ = {isa = PBXBuildFile; fileRef = 2CF0224E29E262FF0029675E /* UserDefaults+Subscriptions.swift */; };
/* End PBXBuildFile section */

/* Begin PBXContainerItemProxy section */
		2CF021FE29E1F1230029675E /* PBXContainerItemProxy */ = {
			isa = PBXContainerItemProxy;
			containerPortal = 2CF021E429E1F1220029675E /* Project object */;
			proxyType = 1;
			remoteGlobalIDString = 2CF021EB29E1F1220029675E;
			remoteInfo = GitLabStatusMenuBarItem;
		};
		2CF0220829E1F1230029675E /* PBXContainerItemProxy */ = {
			isa = PBXContainerItemProxy;
			containerPortal = 2CF021E429E1F1220029675E /* Project object */;
			proxyType = 1;
			remoteGlobalIDString = 2CF021EB29E1F1220029675E;
			remoteInfo = GitLabStatusMenuBarItem;
		};
/* End PBXContainerItemProxy section */

/* Begin PBXFileReference section */
		2CF021EC29E1F1220029675E /* GitLabStatusMenuBarItem.app */ = {isa = PBXFileReference; explicitFileType = wrapper.application; includeInIndex = 0; path = GitLabStatusMenuBarItem.app; sourceTree = BUILT_PRODUCTS_DIR; };
		2CF021EF29E1F1220029675E /* GitLabStatusApp.swift */ = {isa = PBXFileReference; lastKnownFileType = sourcecode.swift; path = GitLabStatusApp.swift; sourceTree = "<group>"; };
		2CF021F329E1F1230029675E /* Assets.xcassets */ = {isa = PBXFileReference; lastKnownFileType = folder.assetcatalog; path = Assets.xcassets; sourceTree = "<group>"; };
		2CF021F629E1F1230029675E /* Preview Assets.xcassets */ = {isa = PBXFileReference; lastKnownFileType = folder.assetcatalog; path = "Preview Assets.xcassets"; sourceTree = "<group>"; };
		2CF021F829E1F1230029675E /* GitLabStatusMenuBarItem.entitlements */ = {isa = PBXFileReference; lastKnownFileType = text.plist.entitlements; path = GitLabStatusMenuBarItem.entitlements; sourceTree = "<group>"; };
		2CF021FD29E1F1230029675E /* GitLabStatusMenuBarItemTests.xctest */ = {isa = PBXFileReference; explicitFileType = wrapper.cfbundle; includeInIndex = 0; path = GitLabStatusMenuBarItemTests.xctest; sourceTree = BUILT_PRODUCTS_DIR; };
		2CF0220129E1F1230029675E /* GitLabStatusMenuBarItemTests.swift */ = {isa = PBXFileReference; lastKnownFileType = sourcecode.swift; path = GitLabStatusMenuBarItemTests.swift; sourceTree = "<group>"; };
		2CF0220729E1F1230029675E /* GitLabStatusMenuBarItemUITests.xctest */ = {isa = PBXFileReference; explicitFileType = wrapper.cfbundle; includeInIndex = 0; path = GitLabStatusMenuBarItemUITests.xctest; sourceTree = BUILT_PRODUCTS_DIR; };
		2CF0220B29E1F1230029675E /* GitLabStatusMenuBarItemUITests.swift */ = {isa = PBXFileReference; lastKnownFileType = sourcecode.swift; path = GitLabStatusMenuBarItemUITests.swift; sourceTree = "<group>"; };
		2CF0220D29E1F1230029675E /* GitLabStatusMenuBarItemUITestsLaunchTests.swift */ = {isa = PBXFileReference; lastKnownFileType = sourcecode.swift; path = GitLabStatusMenuBarItemUITestsLaunchTests.swift; sourceTree = "<group>"; };
		2CF0222129E1F2A30029675E /* ProjectsView.swift */ = {isa = PBXFileReference; lastKnownFileType = sourcecode.swift; path = ProjectsView.swift; sourceTree = "<group>"; };
		2CF0222329E1F3220029675E /* ProjectQuery.swift */ = {isa = PBXFileReference; lastKnownFileType = sourcecode.swift; path = ProjectQuery.swift; sourceTree = "<group>"; };
		2CF0222729E1F5DC0029675E /* Model.swift */ = {isa = PBXFileReference; lastKnownFileType = sourcecode.swift; path = Model.swift; sourceTree = "<group>"; };
		2CF0223229E2032D0029675E /* Secrets.swift */ = {isa = PBXFileReference; lastKnownFileType = sourcecode.swift; path = Secrets.swift; sourceTree = "<group>"; };
		2CF0223429E210210029675E /* ProjectStore.swift */ = {isa = PBXFileReference; lastKnownFileType = sourcecode.swift; path = ProjectStore.swift; sourceTree = "<group>"; };
		2CF0223829E212F50029675E /* MergeRequestRow.swift */ = {isa = PBXFileReference; lastKnownFileType = sourcecode.swift; path = MergeRequestRow.swift; sourceTree = "<group>"; };
		2CF0223A29E2130F0029675E /* ProjectItemList.swift */ = {isa = PBXFileReference; lastKnownFileType = sourcecode.swift; path = ProjectItemList.swift; sourceTree = "<group>"; };
		2CF0223C29E213240029675E /* PipelineRow.swift */ = {isa = PBXFileReference; lastKnownFileType = sourcecode.swift; path = PipelineRow.swift; sourceTree = "<group>"; };
		2CF0223E29E213B10029675E /* ProjectStore+Example.swift */ = {isa = PBXFileReference; lastKnownFileType = sourcecode.swift; path = "ProjectStore+Example.swift"; sourceTree = "<group>"; };
		2CF0224029E21E850029675E /* PipelineStatusView.swift */ = {isa = PBXFileReference; lastKnownFileType = sourcecode.swift; path = PipelineStatusView.swift; sourceTree = "<group>"; };
		2CF0224429E2492F0029675E /* ProjectsToolbar.swift */ = {isa = PBXFileReference; lastKnownFileType = sourcecode.swift; path = ProjectsToolbar.swift; sourceTree = "<group>"; };
		2CF0224629E2495C0029675E /* TokenSheet.swift */ = {isa = PBXFileReference; lastKnownFileType = sourcecode.swift; path = TokenSheet.swift; sourceTree = "<group>"; };
		2CF0224829E24AEB0029675E /* UserDefaults+GitLabToken.swift */ = {isa = PBXFileReference; lastKnownFileType = sourcecode.swift; path = "UserDefaults+GitLabToken.swift"; sourceTree = "<group>"; };
		2CF0224C29E25A530029675E /* SubscriptionsSheet.swift */ = {isa = PBXFileReference; lastKnownFileType = sourcecode.swift; path = SubscriptionsSheet.swift; sourceTree = "<group>"; };
		2CF0224E29E262FF0029675E /* UserDefaults+Subscriptions.swift */ = {isa = PBXFileReference; lastKnownFileType = sourcecode.swift; path = "UserDefaults+Subscriptions.swift"; sourceTree = "<group>"; };
/* End PBXFileReference section */

/* Begin PBXFrameworksBuildPhase section */
		2CF021E929E1F1220029675E /* Frameworks */ = {
			isa = PBXFrameworksBuildPhase;
			buildActionMask = 2147483647;
			files = (
			);
			runOnlyForDeploymentPostprocessing = 0;
		};
		2CF021FA29E1F1230029675E /* Frameworks */ = {
			isa = PBXFrameworksBuildPhase;
			buildActionMask = 2147483647;
			files = (
			);
			runOnlyForDeploymentPostprocessing = 0;
		};
		2CF0220429E1F1230029675E /* Frameworks */ = {
			isa = PBXFrameworksBuildPhase;
			buildActionMask = 2147483647;
			files = (
			);
			runOnlyForDeploymentPostprocessing = 0;
		};
/* End PBXFrameworksBuildPhase section */

/* Begin PBXGroup section */
		2CF021E329E1F1220029675E = {
			isa = PBXGroup;
			children = (
				2CF021EE29E1F1220029675E /* GitLabStatusMenuBarItem */,
				2CF0220029E1F1230029675E /* GitLabStatusMenuBarItemTests */,
				2CF0220A29E1F1230029675E /* GitLabStatusMenuBarItemUITests */,
				2CF021ED29E1F1220029675E /* Products */,
				2CF0222F29E1F8CC0029675E /* Frameworks */,
			);
			sourceTree = "<group>";
		};
		2CF021ED29E1F1220029675E /* Products */ = {
			isa = PBXGroup;
			children = (
				2CF021EC29E1F1220029675E /* GitLabStatusMenuBarItem.app */,
				2CF021FD29E1F1230029675E /* GitLabStatusMenuBarItemTests.xctest */,
				2CF0220729E1F1230029675E /* GitLabStatusMenuBarItemUITests.xctest */,
			);
			name = Products;
			sourceTree = "<group>";
		};
		2CF021EE29E1F1220029675E /* GitLabStatusMenuBarItem */ = {
			isa = PBXGroup;
			children = (
				2CF021F329E1F1230029675E /* Assets.xcassets */,
				2CF021F829E1F1230029675E /* GitLabStatusMenuBarItem.entitlements */,
				2CF021F529E1F1230029675E /* Preview Content */,
				2CF021EF29E1F1220029675E /* GitLabStatusApp.swift */,
				2CF0224829E24AEB0029675E /* UserDefaults+GitLabToken.swift */,
				2CF0224E29E262FF0029675E /* UserDefaults+Subscriptions.swift */,
				2CF0223229E2032D0029675E /* Secrets.swift */,
				2CF0222729E1F5DC0029675E /* Model.swift */,
				2CF0222329E1F3220029675E /* ProjectQuery.swift */,
				2CF0223429E210210029675E /* ProjectStore.swift */,
				2CF0223E29E213B10029675E /* ProjectStore+Example.swift */,
				2CF0222129E1F2A30029675E /* ProjectsView.swift */,
				2CF0224429E2492F0029675E /* ProjectsToolbar.swift */,
				2CF0224629E2495C0029675E /* TokenSheet.swift */,
				2CF0224C29E25A530029675E /* SubscriptionsSheet.swift */,
				2CF0223A29E2130F0029675E /* ProjectItemList.swift */,
				2CF0223829E212F50029675E /* MergeRequestRow.swift */,
				2CF0223C29E213240029675E /* PipelineRow.swift */,
				2CF0224029E21E850029675E /* PipelineStatusView.swift */,
			);
			path = GitLabStatusMenuBarItem;
			sourceTree = "<group>";
		};
		2CF021F529E1F1230029675E /* Preview Content */ = {
			isa = PBXGroup;
			children = (
				2CF021F629E1F1230029675E /* Preview Assets.xcassets */,
			);
			path = "Preview Content";
			sourceTree = "<group>";
		};
		2CF0220029E1F1230029675E /* GitLabStatusMenuBarItemTests */ = {
			isa = PBXGroup;
			children = (
				2CF0220129E1F1230029675E /* GitLabStatusMenuBarItemTests.swift */,
			);
			path = GitLabStatusMenuBarItemTests;
			sourceTree = "<group>";
		};
		2CF0220A29E1F1230029675E /* GitLabStatusMenuBarItemUITests */ = {
			isa = PBXGroup;
			children = (
				2CF0220B29E1F1230029675E /* GitLabStatusMenuBarItemUITests.swift */,
				2CF0220D29E1F1230029675E /* GitLabStatusMenuBarItemUITestsLaunchTests.swift */,
			);
			path = GitLabStatusMenuBarItemUITests;
			sourceTree = "<group>";
		};
		2CF0222F29E1F8CC0029675E /* Frameworks */ = {
			isa = PBXGroup;
			children = (
			);
			name = Frameworks;
			sourceTree = "<group>";
		};
/* End PBXGroup section */

/* Begin PBXNativeTarget section */
		2CF021EB29E1F1220029675E /* GitLabStatusMenuBarItem */ = {
			isa = PBXNativeTarget;
			buildConfigurationList = 2CF0221129E1F1230029675E /* Build configuration list for PBXNativeTarget "GitLabStatusMenuBarItem" */;
			buildPhases = (
				2CF021E829E1F1220029675E /* Sources */,
				2CF021E929E1F1220029675E /* Frameworks */,
				2CF021EA29E1F1220029675E /* Resources */,
			);
			buildRules = (
			);
			dependencies = (
			);
			name = GitLabStatusMenuBarItem;
			packageProductDependencies = (
			);
			productName = GitLabStatusMenuBarItem;
			productReference = 2CF021EC29E1F1220029675E /* GitLabStatusMenuBarItem.app */;
			productType = "com.apple.product-type.application";
		};
		2CF021FC29E1F1230029675E /* GitLabStatusMenuBarItemTests */ = {
			isa = PBXNativeTarget;
			buildConfigurationList = 2CF0221429E1F1230029675E /* Build configuration list for PBXNativeTarget "GitLabStatusMenuBarItemTests" */;
			buildPhases = (
				2CF021F929E1F1230029675E /* Sources */,
				2CF021FA29E1F1230029675E /* Frameworks */,
				2CF021FB29E1F1230029675E /* Resources */,
			);
			buildRules = (
			);
			dependencies = (
				2CF021FF29E1F1230029675E /* PBXTargetDependency */,
			);
			name = GitLabStatusMenuBarItemTests;
			productName = GitLabStatusMenuBarItemTests;
			productReference = 2CF021FD29E1F1230029675E /* GitLabStatusMenuBarItemTests.xctest */;
			productType = "com.apple.product-type.bundle.unit-test";
		};
		2CF0220629E1F1230029675E /* GitLabStatusMenuBarItemUITests */ = {
			isa = PBXNativeTarget;
			buildConfigurationList = 2CF0221729E1F1230029675E /* Build configuration list for PBXNativeTarget "GitLabStatusMenuBarItemUITests" */;
			buildPhases = (
				2CF0220329E1F1230029675E /* Sources */,
				2CF0220429E1F1230029675E /* Frameworks */,
				2CF0220529E1F1230029675E /* Resources */,
			);
			buildRules = (
			);
			dependencies = (
				2CF0220929E1F1230029675E /* PBXTargetDependency */,
			);
			name = GitLabStatusMenuBarItemUITests;
			productName = GitLabStatusMenuBarItemUITests;
			productReference = 2CF0220729E1F1230029675E /* GitLabStatusMenuBarItemUITests.xctest */;
			productType = "com.apple.product-type.bundle.ui-testing";
		};
/* End PBXNativeTarget section */

/* Begin PBXProject section */
		2CF021E429E1F1220029675E /* Project object */ = {
			isa = PBXProject;
			attributes = {
				BuildIndependentTargetsInParallel = 1;
				LastSwiftUpdateCheck = 1430;
				LastUpgradeCheck = 1430;
				TargetAttributes = {
					2CF021EB29E1F1220029675E = {
						CreatedOnToolsVersion = 14.3;
					};
					2CF021FC29E1F1230029675E = {
						CreatedOnToolsVersion = 14.3;
						TestTargetID = 2CF021EB29E1F1220029675E;
					};
					2CF0220629E1F1230029675E = {
						CreatedOnToolsVersion = 14.3;
						TestTargetID = 2CF021EB29E1F1220029675E;
					};
				};
			};
			buildConfigurationList = 2CF021E729E1F1220029675E /* Build configuration list for PBXProject "GitLabStatusMenuBarItem" */;
			compatibilityVersion = "Xcode 14.0";
			developmentRegion = en;
			hasScannedForEncodings = 0;
			knownRegions = (
				en,
				Base,
			);
			mainGroup = 2CF021E329E1F1220029675E;
			packageReferences = (
			);
			productRefGroup = 2CF021ED29E1F1220029675E /* Products */;
			projectDirPath = "";
			projectRoot = "";
			targets = (
				2CF021EB29E1F1220029675E /* GitLabStatusMenuBarItem */,
				2CF021FC29E1F1230029675E /* GitLabStatusMenuBarItemTests */,
				2CF0220629E1F1230029675E /* GitLabStatusMenuBarItemUITests */,
			);
		};
/* End PBXProject section */

/* Begin PBXResourcesBuildPhase section */
		2CF021EA29E1F1220029675E /* Resources */ = {
			isa = PBXResourcesBuildPhase;
			buildActionMask = 2147483647;
			files = (
				2CF021F729E1F1230029675E /* Preview Assets.xcassets in Resources */,
				2CF021F429E1F1230029675E /* Assets.xcassets in Resources */,
			);
			runOnlyForDeploymentPostprocessing = 0;
		};
		2CF021FB29E1F1230029675E /* Resources */ = {
			isa = PBXResourcesBuildPhase;
			buildActionMask = 2147483647;
			files = (
			);
			runOnlyForDeploymentPostprocessing = 0;
		};
		2CF0220529E1F1230029675E /* Resources */ = {
			isa = PBXResourcesBuildPhase;
			buildActionMask = 2147483647;
			files = (
			);
			runOnlyForDeploymentPostprocessing = 0;
		};
/* End PBXResourcesBuildPhase section */

/* Begin PBXSourcesBuildPhase section */
		2CF021E829E1F1220029675E /* Sources */ = {
			isa = PBXSourcesBuildPhase;
			buildActionMask = 2147483647;
			files = (
				2CF0222829E1F5DC0029675E /* Model.swift in Sources */,
				2CF0222229E1F2A30029675E /* ProjectsView.swift in Sources */,
				2CF0223529E210210029675E /* ProjectStore.swift in Sources */,
				2CF0223B29E2130F0029675E /* ProjectItemList.swift in Sources */,
				2CF0223929E212F50029675E /* MergeRequestRow.swift in Sources */,
				2CF0224D29E25A530029675E /* SubscriptionsSheet.swift in Sources */,
				2CF0224529E2492F0029675E /* ProjectsToolbar.swift in Sources */,
				2CF0224F29E262FF0029675E /* UserDefaults+Subscriptions.swift in Sources */,
				2CF0224729E2495C0029675E /* TokenSheet.swift in Sources */,
				2CF0222529E1F35F0029675E /* ProjectQuery.swift in Sources */,
				2CF0224129E21E850029675E /* PipelineStatusView.swift in Sources */,
				2CF0224929E24AEB0029675E /* UserDefaults+GitLabToken.swift in Sources */,
				2CF021F029E1F1220029675E /* GitLabStatusApp.swift in Sources */,
				2CF0223329E2032D0029675E /* Secrets.swift in Sources */,
				2CF0223D29E213240029675E /* PipelineRow.swift in Sources */,
				2CF0223F29E213B10029675E /* ProjectStore+Example.swift in Sources */,
			);
			runOnlyForDeploymentPostprocessing = 0;
		};
		2CF021F929E1F1230029675E /* Sources */ = {
			isa = PBXSourcesBuildPhase;
			buildActionMask = 2147483647;
			files = (
				2CF0220229E1F1230029675E /* GitLabStatusMenuBarItemTests.swift in Sources */,
			);
			runOnlyForDeploymentPostprocessing = 0;
		};
		2CF0220329E1F1230029675E /* Sources */ = {
			isa = PBXSourcesBuildPhase;
			buildActionMask = 2147483647;
			files = (
				2CF0220C29E1F1230029675E /* GitLabStatusMenuBarItemUITests.swift in Sources */,
				2CF0220E29E1F1230029675E /* GitLabStatusMenuBarItemUITestsLaunchTests.swift in Sources */,
			);
			runOnlyForDeploymentPostprocessing = 0;
		};
/* End PBXSourcesBuildPhase section */

/* Begin PBXTargetDependency section */
		2CF021FF29E1F1230029675E /* PBXTargetDependency */ = {
			isa = PBXTargetDependency;
			target = 2CF021EB29E1F1220029675E /* GitLabStatusMenuBarItem */;
			targetProxy = 2CF021FE29E1F1230029675E /* PBXContainerItemProxy */;
		};
		2CF0220929E1F1230029675E /* PBXTargetDependency */ = {
			isa = PBXTargetDependency;
			target = 2CF021EB29E1F1220029675E /* GitLabStatusMenuBarItem */;
			targetProxy = 2CF0220829E1F1230029675E /* PBXContainerItemProxy */;
		};
/* End PBXTargetDependency section */

/* Begin XCBuildConfiguration section */
		2CF0220F29E1F1230029675E /* Debug */ = {
			isa = XCBuildConfiguration;
			buildSettings = {
				ALWAYS_SEARCH_USER_PATHS = NO;
				CLANG_ANALYZER_NONNULL = YES;
				CLANG_ANALYZER_NUMBER_OBJECT_CONVERSION = YES_AGGRESSIVE;
				CLANG_CXX_LANGUAGE_STANDARD = "gnu++20";
				CLANG_ENABLE_MODULES = YES;
				CLANG_ENABLE_OBJC_ARC = YES;
				CLANG_ENABLE_OBJC_WEAK = YES;
				CLANG_WARN_BLOCK_CAPTURE_AUTORELEASING = YES;
				CLANG_WARN_BOOL_CONVERSION = YES;
				CLANG_WARN_COMMA = YES;
				CLANG_WARN_CONSTANT_CONVERSION = YES;
				CLANG_WARN_DEPRECATED_OBJC_IMPLEMENTATIONS = YES;
				CLANG_WARN_DIRECT_OBJC_ISA_USAGE = YES_ERROR;
				CLANG_WARN_DOCUMENTATION_COMMENTS = YES;
				CLANG_WARN_EMPTY_BODY = YES;
				CLANG_WARN_ENUM_CONVERSION = YES;
				CLANG_WARN_INFINITE_RECURSION = YES;
				CLANG_WARN_INT_CONVERSION = YES;
				CLANG_WARN_NON_LITERAL_NULL_CONVERSION = YES;
				CLANG_WARN_OBJC_IMPLICIT_RETAIN_SELF = YES;
				CLANG_WARN_OBJC_LITERAL_CONVERSION = YES;
				CLANG_WARN_OBJC_ROOT_CLASS = YES_ERROR;
				CLANG_WARN_QUOTED_INCLUDE_IN_FRAMEWORK_HEADER = YES;
				CLANG_WARN_RANGE_LOOP_ANALYSIS = YES;
				CLANG_WARN_STRICT_PROTOTYPES = YES;
				CLANG_WARN_SUSPICIOUS_MOVE = YES;
				CLANG_WARN_UNGUARDED_AVAILABILITY = YES_AGGRESSIVE;
				CLANG_WARN_UNREACHABLE_CODE = YES;
				CLANG_WARN__DUPLICATE_METHOD_MATCH = YES;
				COPY_PHASE_STRIP = NO;
				DEBUG_INFORMATION_FORMAT = dwarf;
				ENABLE_STRICT_OBJC_MSGSEND = YES;
				ENABLE_TESTABILITY = YES;
				GCC_C_LANGUAGE_STANDARD = gnu11;
				GCC_DYNAMIC_NO_PIC = NO;
				GCC_NO_COMMON_BLOCKS = YES;
				GCC_OPTIMIZATION_LEVEL = 0;
				GCC_PREPROCESSOR_DEFINITIONS = (
					"DEBUG=1",
					"$(inherited)",
				);
				GCC_WARN_64_TO_32_BIT_CONVERSION = YES;
				GCC_WARN_ABOUT_RETURN_TYPE = YES_ERROR;
				GCC_WARN_UNDECLARED_SELECTOR = YES;
				GCC_WARN_UNINITIALIZED_AUTOS = YES_AGGRESSIVE;
				GCC_WARN_UNUSED_FUNCTION = YES;
				GCC_WARN_UNUSED_VARIABLE = YES;
				MACOSX_DEPLOYMENT_TARGET = 13.3;
				MTL_ENABLE_DEBUG_INFO = INCLUDE_SOURCE;
				MTL_FAST_MATH = YES;
				ONLY_ACTIVE_ARCH = YES;
				SDKROOT = macosx;
				SWIFT_ACTIVE_COMPILATION_CONDITIONS = DEBUG;
				SWIFT_OPTIMIZATION_LEVEL = "-Onone";
			};
			name = Debug;
		};
		2CF0221029E1F1230029675E /* Release */ = {
			isa = XCBuildConfiguration;
			buildSettings = {
				ALWAYS_SEARCH_USER_PATHS = NO;
				CLANG_ANALYZER_NONNULL = YES;
				CLANG_ANALYZER_NUMBER_OBJECT_CONVERSION = YES_AGGRESSIVE;
				CLANG_CXX_LANGUAGE_STANDARD = "gnu++20";
				CLANG_ENABLE_MODULES = YES;
				CLANG_ENABLE_OBJC_ARC = YES;
				CLANG_ENABLE_OBJC_WEAK = YES;
				CLANG_WARN_BLOCK_CAPTURE_AUTORELEASING = YES;
				CLANG_WARN_BOOL_CONVERSION = YES;
				CLANG_WARN_COMMA = YES;
				CLANG_WARN_CONSTANT_CONVERSION = YES;
				CLANG_WARN_DEPRECATED_OBJC_IMPLEMENTATIONS = YES;
				CLANG_WARN_DIRECT_OBJC_ISA_USAGE = YES_ERROR;
				CLANG_WARN_DOCUMENTATION_COMMENTS = YES;
				CLANG_WARN_EMPTY_BODY = YES;
				CLANG_WARN_ENUM_CONVERSION = YES;
				CLANG_WARN_INFINITE_RECURSION = YES;
				CLANG_WARN_INT_CONVERSION = YES;
				CLANG_WARN_NON_LITERAL_NULL_CONVERSION = YES;
				CLANG_WARN_OBJC_IMPLICIT_RETAIN_SELF = YES;
				CLANG_WARN_OBJC_LITERAL_CONVERSION = YES;
				CLANG_WARN_OBJC_ROOT_CLASS = YES_ERROR;
				CLANG_WARN_QUOTED_INCLUDE_IN_FRAMEWORK_HEADER = YES;
				CLANG_WARN_RANGE_LOOP_ANALYSIS = YES;
				CLANG_WARN_STRICT_PROTOTYPES = YES;
				CLANG_WARN_SUSPICIOUS_MOVE = YES;
				CLANG_WARN_UNGUARDED_AVAILABILITY = YES_AGGRESSIVE;
				CLANG_WARN_UNREACHABLE_CODE = YES;
				CLANG_WARN__DUPLICATE_METHOD_MATCH = YES;
				COPY_PHASE_STRIP = NO;
				DEBUG_INFORMATION_FORMAT = "dwarf-with-dsym";
				ENABLE_NS_ASSERTIONS = NO;
				ENABLE_STRICT_OBJC_MSGSEND = YES;
				GCC_C_LANGUAGE_STANDARD = gnu11;
				GCC_NO_COMMON_BLOCKS = YES;
				GCC_WARN_64_TO_32_BIT_CONVERSION = YES;
				GCC_WARN_ABOUT_RETURN_TYPE = YES_ERROR;
				GCC_WARN_UNDECLARED_SELECTOR = YES;
				GCC_WARN_UNINITIALIZED_AUTOS = YES_AGGRESSIVE;
				GCC_WARN_UNUSED_FUNCTION = YES;
				GCC_WARN_UNUSED_VARIABLE = YES;
				MACOSX_DEPLOYMENT_TARGET = 13.3;
				MTL_ENABLE_DEBUG_INFO = NO;
				MTL_FAST_MATH = YES;
				SDKROOT = macosx;
				SWIFT_COMPILATION_MODE = wholemodule;
				SWIFT_OPTIMIZATION_LEVEL = "-O";
			};
			name = Release;
		};
		2CF0221229E1F1230029675E /* Debug */ = {
			isa = XCBuildConfiguration;
			buildSettings = {
				ASSETCATALOG_COMPILER_APPICON_NAME = AppIcon;
				ASSETCATALOG_COMPILER_GLOBAL_ACCENT_COLOR_NAME = AccentColor;
				CODE_SIGN_ENTITLEMENTS = GitLabStatusMenuBarItem/GitLabStatusMenuBarItem.entitlements;
				CODE_SIGN_STYLE = Automatic;
				COMBINE_HIDPI_IMAGES = YES;
				CURRENT_PROJECT_VERSION = 1;
				DEVELOPMENT_ASSET_PATHS = "\"GitLabStatusMenuBarItem/Preview Content\"";
				ENABLE_PREVIEWS = YES;
				GENERATE_INFOPLIST_FILE = YES;
				INFOPLIST_KEY_LSUIElement = YES;
				INFOPLIST_KEY_NSHumanReadableCopyright = "";
				LD_RUNPATH_SEARCH_PATHS = (
					"$(inherited)",
					"@executable_path/../Frameworks",
				);
				MARKETING_VERSION = 1.0;
				PRODUCT_BUNDLE_IDENTIFIER = com.kevinconner.GitLabStatusMenuBarItem;
				PRODUCT_NAME = "$(TARGET_NAME)";
				SWIFT_EMIT_LOC_STRINGS = YES;
				SWIFT_VERSION = 5.0;
			};
			name = Debug;
		};
		2CF0221329E1F1230029675E /* Release */ = {
			isa = XCBuildConfiguration;
			buildSettings = {
				ASSETCATALOG_COMPILER_APPICON_NAME = AppIcon;
				ASSETCATALOG_COMPILER_GLOBAL_ACCENT_COLOR_NAME = AccentColor;
				CODE_SIGN_ENTITLEMENTS = GitLabStatusMenuBarItem/GitLabStatusMenuBarItem.entitlements;
				CODE_SIGN_STYLE = Automatic;
				COMBINE_HIDPI_IMAGES = YES;
				CURRENT_PROJECT_VERSION = 1;
				DEVELOPMENT_ASSET_PATHS = "\"GitLabStatusMenuBarItem/Preview Content\"";
				ENABLE_PREVIEWS = YES;
				GENERATE_INFOPLIST_FILE = YES;
				INFOPLIST_KEY_LSUIElement = YES;
				INFOPLIST_KEY_NSHumanReadableCopyright = "";
				LD_RUNPATH_SEARCH_PATHS = (
					"$(inherited)",
					"@executable_path/../Frameworks",
				);
				MARKETING_VERSION = 1.0;
				PRODUCT_BUNDLE_IDENTIFIER = com.kevinconner.GitLabStatusMenuBarItem;
				PRODUCT_NAME = "$(TARGET_NAME)";
				SWIFT_EMIT_LOC_STRINGS = YES;
				SWIFT_VERSION = 5.0;
			};
			name = Release;
		};
		2CF0221529E1F1230029675E /* Debug */ = {
			isa = XCBuildConfiguration;
			buildSettings = {
				ALWAYS_EMBED_SWIFT_STANDARD_LIBRARIES = YES;
				BUNDLE_LOADER = "$(TEST_HOST)";
				CODE_SIGN_STYLE = Automatic;
				CURRENT_PROJECT_VERSION = 1;
				GENERATE_INFOPLIST_FILE = YES;
				MACOSX_DEPLOYMENT_TARGET = 13.3;
				MARKETING_VERSION = 1.0;
				PRODUCT_BUNDLE_IDENTIFIER = com.kevinconner.GitLabStatusMenuBarItemTests;
				PRODUCT_NAME = "$(TARGET_NAME)";
				SWIFT_EMIT_LOC_STRINGS = NO;
				SWIFT_VERSION = 5.0;
				TEST_HOST = "$(BUILT_PRODUCTS_DIR)/GitLabStatusMenuBarItem.app/$(BUNDLE_EXECUTABLE_FOLDER_PATH)/GitLabStatusMenuBarItem";
			};
			name = Debug;
		};
		2CF0221629E1F1230029675E /* Release */ = {
			isa = XCBuildConfiguration;
			buildSettings = {
				ALWAYS_EMBED_SWIFT_STANDARD_LIBRARIES = YES;
				BUNDLE_LOADER = "$(TEST_HOST)";
				CODE_SIGN_STYLE = Automatic;
				CURRENT_PROJECT_VERSION = 1;
				GENERATE_INFOPLIST_FILE = YES;
				MACOSX_DEPLOYMENT_TARGET = 13.3;
				MARKETING_VERSION = 1.0;
				PRODUCT_BUNDLE_IDENTIFIER = com.kevinconner.GitLabStatusMenuBarItemTests;
				PRODUCT_NAME = "$(TARGET_NAME)";
				SWIFT_EMIT_LOC_STRINGS = NO;
				SWIFT_VERSION = 5.0;
				TEST_HOST = "$(BUILT_PRODUCTS_DIR)/GitLabStatusMenuBarItem.app/$(BUNDLE_EXECUTABLE_FOLDER_PATH)/GitLabStatusMenuBarItem";
			};
			name = Release;
		};
		2CF0221829E1F1230029675E /* Debug */ = {
			isa = XCBuildConfiguration;
			buildSettings = {
				ALWAYS_EMBED_SWIFT_STANDARD_LIBRARIES = YES;
				CODE_SIGN_STYLE = Automatic;
				CURRENT_PROJECT_VERSION = 1;
				GENERATE_INFOPLIST_FILE = YES;
				MARKETING_VERSION = 1.0;
				PRODUCT_BUNDLE_IDENTIFIER = com.kevinconner.GitLabStatusMenuBarItemUITests;
				PRODUCT_NAME = "$(TARGET_NAME)";
				SWIFT_EMIT_LOC_STRINGS = NO;
				SWIFT_VERSION = 5.0;
				TEST_TARGET_NAME = GitLabStatusMenuBarItem;
			};
			name = Debug;
		};
		2CF0221929E1F1230029675E /* Release */ = {
			isa = XCBuildConfiguration;
			buildSettings = {
				ALWAYS_EMBED_SWIFT_STANDARD_LIBRARIES = YES;
				CODE_SIGN_STYLE = Automatic;
				CURRENT_PROJECT_VERSION = 1;
				GENERATE_INFOPLIST_FILE = YES;
				MARKETING_VERSION = 1.0;
				PRODUCT_BUNDLE_IDENTIFIER = com.kevinconner.GitLabStatusMenuBarItemUITests;
				PRODUCT_NAME = "$(TARGET_NAME)";
				SWIFT_EMIT_LOC_STRINGS = NO;
				SWIFT_VERSION = 5.0;
				TEST_TARGET_NAME = GitLabStatusMenuBarItem;
			};
			name = Release;
		};
/* End XCBuildConfiguration section */

/* Begin XCConfigurationList section */
		2CF021E729E1F1220029675E /* Build configuration list for PBXProject "GitLabStatusMenuBarItem" */ = {
			isa = XCConfigurationList;
			buildConfigurations = (
				2CF0220F29E1F1230029675E /* Debug */,
				2CF0221029E1F1230029675E /* Release */,
			);
			defaultConfigurationIsVisible = 0;
			defaultConfigurationName = Release;
		};
		2CF0221129E1F1230029675E /* Build configuration list for PBXNativeTarget "GitLabStatusMenuBarItem" */ = {
			isa = XCConfigurationList;
			buildConfigurations = (
				2CF0221229E1F1230029675E /* Debug */,
				2CF0221329E1F1230029675E /* Release */,
			);
			defaultConfigurationIsVisible = 0;
			defaultConfigurationName = Release;
		};
		2CF0221429E1F1230029675E /* Build configuration list for PBXNativeTarget "GitLabStatusMenuBarItemTests" */ = {
			isa = XCConfigurationList;
			buildConfigurations = (
				2CF0221529E1F1230029675E /* Debug */,
				2CF0221629E1F1230029675E /* Release */,
			);
			defaultConfigurationIsVisible = 0;
			defaultConfigurationName = Release;
		};
		2CF0221729E1F1230029675E /* Build configuration list for PBXNativeTarget "GitLabStatusMenuBarItemUITests" */ = {
			isa = XCConfigurationList;
			buildConfigurations = (
				2CF0221829E1F1230029675E /* Debug */,
				2CF0221929E1F1230029675E /* Release */,
			);
			defaultConfigurationIsVisible = 0;
			defaultConfigurationName = Release;
		};
/* End XCConfigurationList section */
	};
	rootObject = 2CF021E429E1F1220029675E /* Project object */;
}
